{
  "name": "@wilber-cli/init",
  "version": "1.0.3",
  "lockfileVersion": 2,
  "requires": true,
  "packages": {
    "": {
      "name": "@wilber-cli/init",
      "version": "1.0.3",
      "license": "ISC",
      "dependencies": {
        "@wilber-cli/commond": "file:../../models/command",
        "@wilber-cli/log": "file:../../utils/log"
      }
    },
    "../../models/command": {
      "name": "@wilber-cli/command",
      "version": "1.0.3",
      "license": "ISC",
      "dependencies": {
        "@wilber-cli/log": "file:../../utils/log",
        "colors": "^1.4.0",
        "semver": "^7.3.5"
      }
    },
    "../../utils/log": {
      "version": "1.0.3",
      "license": "ISC",
      "dependencies": {
        "npmlog": "^4.1.2"
      }
    },
    "node_modules/@wilber-cli/commond": {
      "resolved": "../../models/command",
      "link": true
    },
    "node_modules/@wilber-cli/log": {
      "resolved": "../../utils/log",
      "link": true
    }
  },
  "dependencies": {
    "@wilber-cli/commond": {
      "version": "file:../../models/command",
      "requires": {
        "@wilber-cli/log": "file:../../utils/log",
        "colors": "^1.4.0",
        "semver": "^7.3.5"
      }
    },
    "@wilber-cli/log": {
      "version": "file:../../utils/log",
      "requires": {
        "npmlog": "^4.1.2"
      }
    }
  }
}
