{
  "name": "@wilber-cli/exec",
  "version": "1.0.3",
  "lockfileVersion": 2,
  "requires": true,
  "packages": {
    "": {
      "name": "@wilber-cli/exec",
      "version": "1.0.3",
      "license": "ISC",
      "dependencies": {
        "@wilber-cli/log": "file:../../utils/log",
        "@wilber-cli/package": "file:../../models/package"
      }
    },
    "../../models/package": {
      "name": "@wilber-cli/package",
      "version": "1.0.3",
      "license": "ISC"
    },
    "../../utils/log": {
      "version": "1.0.3",
      "license": "ISC",
      "dependencies": {
        "npmlog": "^4.1.2"
      }
    },
    "node_modules/@wilber-cli/log": {
      "resolved": "../../utils/log",
      "link": true
    },
    "node_modules/@wilber-cli/package": {
      "resolved": "../../models/package",
      "link": true
    }
  },
  "dependencies": {
    "@wilber-cli/log": {
      "version": "file:../../utils/log",
      "requires": {
        "npmlog": "^4.1.2"
      }
    },
    "@wilber-cli/package": {
      "version": "file:../../models/package"
    }
  }
}
